
Microsoft Visual Studio Solution File, Format Version 11.00
# Visual Studio 2010
Project("{888888A0-9F3D-457C-B088-3A5042F75D52}") = "Googlemaps", "Googlemaps.pyproj", "{F4A7D517-ECB1-4A97-A663-D6DB7B3A3E47}"
EndProject
Global
	GlobalSection(SolutionConfigurationPlatforms) = preSolution
		Debug|Any CPU = Debug|Any CPU
		Release|Any CPU = Release|Any CPU
	EndGlobalSection
	GlobalSection(ProjectConfigurationPlatforms) = postSolution
		{F4A7D517-ECB1-4A97-A663-D6DB7B3A3E47}.Debug|Any CPU.ActiveCfg = Debug|Any CPU
		{F4A7D517-ECB1-4A97-A663-D6DB7B3A3E47}.Release|Any CPU.ActiveCfg = Release|Any CPU
	EndGlobalSection
	GlobalSection(SolutionProperties) = preSolution
		HideSolutionNode = FALSE
	EndGlobalSection
EndGlobal
